
Microsoft Visual Studio Solution File, Format Version 12.00
# Visual Studio Version 17
VisualStudioVersion = 17.0.32112.339
MinimumVisualStudioVersion = 10.0.40219.1
Project("{2150E333-8FDC-42A3-9474-1A3956D46DE8}") = "Core", "Core", "{4CD884C8-7D2A-4D24-B773-2A7247C0027A}"
EndProject
Project("{2150E333-8FDC-42A3-9474-1A3956D46DE8}") = "Infrastructure", "Infrastructure", "{1E656094-B37E-49BD-9A1F-DE604DA325A1}"
EndProject
Project("{2150E333-8FDC-42A3-9474-1A3956D46DE8}") = "Presentation", "Presentation", "{A01A582A-6313-4B5B-95BC-99856EE56652}"
EndProject
Project("{2150E333-8FDC-42A3-9474-1A3956D46DE8}") = "Tests", "Tests", "{256DE2A7-D1D8-43F2-931C-A7450AEB65E7}"
EndProject
Project("{FAE04EC0-301F-11D3-BF4B-00C04F79EFBC}") = "CleanArchitectureTemplate.Persistence", "CleanArchitectureTemplate.Persistence\CleanArchitectureTemplate.Persistence.csproj", "{11CFD87A-4EA4-475F-9CDA-A77C73B12CEE}"
EndProject
Project("{FAE04EC0-301F-11D3-BF4B-00C04F79EFBC}") = "CleanArchitectureTemplate.Domain", "CleanArchitectureTemplate.Domain\CleanArchitectureTemplate.Domain.csproj", "{2185BB4B-83C4-4923-BA8B-D215E68FCFE3}"
EndProject
Project("{FAE04EC0-301F-11D3-BF4B-00C04F79EFBC}") = "CleanArchitectureTemplate.Application", "CleanArchitectureTemplate.Application\CleanArchitectureTemplate.Application.csproj", "{377B0F9B-14BF-4E0C-B244-E38F5F322E58}"
EndProject
Project("{FAE04EC0-301F-11D3-BF4B-00C04F79EFBC}") = "CleanArchitectureTemplate.WebApi", "CleanArchitectureTemplate.WebApi\CleanArchitectureTemplate.WebApi.csproj", "{F449E716-5077-4E07-BE13-F85F25EC2A9D}"
EndProject
Global
	GlobalSection(SolutionConfigurationPlatforms) = preSolution
		Debug|Any CPU = Debug|Any CPU
		Release|Any CPU = Release|Any CPU
	EndGlobalSection
	GlobalSection(ProjectConfigurationPlatforms) = postSolution
		{11CFD87A-4EA4-475F-9CDA-A77C73B12CEE}.Debug|Any CPU.ActiveCfg = Debug|Any CPU
		{11CFD87A-4EA4-475F-9CDA-A77C73B12CEE}.Debug|Any CPU.Build.0 = Debug|Any CPU
		{11CFD87A-4EA4-475F-9CDA-A77C73B12CEE}.Release|Any CPU.ActiveCfg = Release|Any CPU
		{11CFD87A-4EA4-475F-9CDA-A77C73B12CEE}.Release|Any CPU.Build.0 = Release|Any CPU
		{2185BB4B-83C4-4923-BA8B-D215E68FCFE3}.Debug|Any CPU.ActiveCfg = Debug|Any CPU
		{2185BB4B-83C4-4923-BA8B-D215E68FCFE3}.Debug|Any CPU.Build.0 = Debug|Any CPU
		{2185BB4B-83C4-4923-BA8B-D215E68FCFE3}.Release|Any CPU.ActiveCfg = Release|Any CPU
		{2185BB4B-83C4-4923-BA8B-D215E68FCFE3}.Release|Any CPU.Build.0 = Release|Any CPU
		{377B0F9B-14BF-4E0C-B244-E38F5F322E58}.Debug|Any CPU.ActiveCfg = Debug|Any CPU
		{377B0F9B-14BF-4E0C-B244-E38F5F322E58}.Debug|Any CPU.Build.0 = Debug|Any CPU
		{377B0F9B-14BF-4E0C-B244-E38F5F322E58}.Release|Any CPU.ActiveCfg = Release|Any CPU
		{377B0F9B-14BF-4E0C-B244-E38F5F322E58}.Release|Any CPU.Build.0 = Release|Any CPU
		{F449E716-5077-4E07-BE13-F85F25EC2A9D}.Debug|Any CPU.ActiveCfg = Debug|Any CPU
		{F449E716-5077-4E07-BE13-F85F25EC2A9D}.Debug|Any CPU.Build.0 = Debug|Any CPU
		{F449E716-5077-4E07-BE13-F85F25EC2A9D}.Release|Any CPU.ActiveCfg = Release|Any CPU
		{F449E716-5077-4E07-BE13-F85F25EC2A9D}.Release|Any CPU.Build.0 = Release|Any CPU
	EndGlobalSection
	GlobalSection(SolutionProperties) = preSolution
		HideSolutionNode = FALSE
	EndGlobalSection
	GlobalSection(NestedProjects) = preSolution
		{11CFD87A-4EA4-475F-9CDA-A77C73B12CEE} = {1E656094-B37E-49BD-9A1F-DE604DA325A1}
		{2185BB4B-83C4-4923-BA8B-D215E68FCFE3} = {4CD884C8-7D2A-4D24-B773-2A7247C0027A}
		{377B0F9B-14BF-4E0C-B244-E38F5F322E58} = {4CD884C8-7D2A-4D24-B773-2A7247C0027A}
		{F449E716-5077-4E07-BE13-F85F25EC2A9D} = {A01A582A-6313-4B5B-95BC-99856EE56652}
	EndGlobalSection
	GlobalSection(ExtensibilityGlobals) = postSolution
		SolutionGuid = {766A1744-86EA-4C4C-8D95-AB9AD0B4E1EB}
	EndGlobalSection
EndGlobal
